// !$*UTF8*$!
{
	archiveVersion = 1;
	classes = {
	};
	objectVersion = 77;
	objects = {

/* Begin PBXBuildFile section */
		0264F83855ED3AF5A68F55EA /* DashboardHomeView.swift in Sources */ = {isa = PBXBuildFile; fileRef = 666EB4918792242D00EF7620 /* DashboardHomeView.swift */; };
		066FB32E8D7F26CAD56035DD /* OpusInteraction.swift in Sources */ = {isa = PBXBuildFile; fileRef = C88F19A2B147C81E06B6D8A8 /* OpusInteraction.swift */; };
		0743E3D5E5FBA900CE454691 /* SessionRunnerServiceTests.swift in Sources */ = {isa = PBXBuildFile; fileRef = 6F28B7BA8B2CC74AD0A98D17 /* SessionRunnerServiceTests.swift */; };
		0C4137411C21CDED7C0B4AE1 /* OpusSkeletonView.swift in Sources */ = {isa = PBXBuildFile; fileRef = 8DF5C8F45D5473701D870BD8 /* OpusSkeletonView.swift */; };
		0CCE392FB43DE88F415BA6BC /* ArenaPart5ViewModelTests.swift in Sources */ = {isa = PBXBuildFile; fileRef = B11265D6329533B27A62A616 /* ArenaPart5ViewModelTests.swift */; };
		1086ADC77E545E93B59242E4 /* RequestBuilder.swift in Sources */ = {isa = PBXBuildFile; fileRef = 3AC2FA979D23770E4CD91A38 /* RequestBuilder.swift */; };
		11C63DB16AFBB781FACDAFEA /* VocabularyView.swift in Sources */ = {isa = PBXBuildFile; fileRef = 0705B2660A9469BE44C9804F /* VocabularyView.swift */; };
		151737E617445E3E3D222698 /* MobileEnvelope.swift in Sources */ = {isa = PBXBuildFile; fileRef = 62B651D48E1DBFB62E0F1BA3 /* MobileEnvelope.swift */; };
		16D53C883656A7D7CE891AE9 /* SessionRunnerModels.swift in Sources */ = {isa = PBXBuildFile; fileRef = 005AE1B96DAADD83D763957A /* SessionRunnerModels.swift */; };
		17CCBE1351D9B9645C69C819 /* TrainingHubModels.swift in Sources */ = {isa = PBXBuildFile; fileRef = D8F0FAA3A1E14C909A0761F8 /* TrainingHubModels.swift */; };
		1BF452030E9BD0871CAE5C83 /* RuntimeConfig.swift in Sources */ = {isa = PBXBuildFile; fileRef = 3A61B132CB9F941DAEB64F7D /* RuntimeConfig.swift */; };
		255A55813D34CF50981A9B67 /* ArenaMissionViewModel.swift in Sources */ = {isa = PBXBuildFile; fileRef = A9C829AA25CBC7DDA01B7551 /* ArenaMissionViewModel.swift */; };
		27E744576385A571496A2F5E /* OpusSectionHeader.swift in Sources */ = {isa = PBXBuildFile; fileRef = 1D1627CAB20DF2F481D11092 /* OpusSectionHeader.swift */; };
		29E80FD6486C3AD6E68D7F9D /* TrainingHubViewModel.swift in Sources */ = {isa = PBXBuildFile; fileRef = 60DE83363596CB3C878A7422 /* TrainingHubViewModel.swift */; };
		2AE575699205E780197F4A61 /* VocabularyViewModelTests.swift in Sources */ = {isa = PBXBuildFile; fileRef = ABD78E311FF81ABBBAA71E9E /* VocabularyViewModelTests.swift */; };
		2F194059106FC330347CD2B1 /* URLSessionAPIClientTests.swift in Sources */ = {isa = PBXBuildFile; fileRef = A7C57ED7F593175991FE641D /* URLSessionAPIClientTests.swift */; };
		309EC6B6AA163D05F0BC1E16 /* DashboardViewModelTests.swift in Sources */ = {isa = PBXBuildFile; fileRef = 8B23EF5A48FE82FB6418F66D /* DashboardViewModelTests.swift */; };
		311428A524323A67CB1804BC /* AuthEndpoints.swift in Sources */ = {isa = PBXBuildFile; fileRef = E6E42763DC5FE5A0E15E1582 /* AuthEndpoints.swift */; };
		311E95095836F0DD5BE35151 /* ArenaPart5Models.swift in Sources */ = {isa = PBXBuildFile; fileRef = 686EB246317BA4656CB9E050 /* ArenaPart5Models.swift */; };
		326840CF5D098863F3C29E74 /* OpusPrimaryButton.swift in Sources */ = {isa = PBXBuildFile; fileRef = 5CE27F812757CFD89A1179C9 /* OpusPrimaryButton.swift */; };
		3BE3D7802670C71E2C4DAFA0 /* TrainingHubViewModelTests.swift in Sources */ = {isa = PBXBuildFile; fileRef = E7A171551EEEEEDF646B9354 /* TrainingHubViewModelTests.swift */; };
		3CA450797A252989DDC6F8BC /* SSEClientTests.swift in Sources */ = {isa = PBXBuildFile; fileRef = 7311CFBBE26760857BD5C207 /* SSEClientTests.swift */; };
		42D0CF1375D45277B35EF744 /* NetworkLogger.swift in Sources */ = {isa = PBXBuildFile; fileRef = 23F8D99CEA6BAAB3E39FCA50 /* NetworkLogger.swift */; };
		449C4CAAA243BFE6D8695141 /* ArenaMissionViewModelTests.swift in Sources */ = {isa = PBXBuildFile; fileRef = 5722653BE13ED9BEF0850B56 /* ArenaMissionViewModelTests.swift */; };
		46825695E3735BB4F062B8F6 /* HealthCheckServiceTests.swift in Sources */ = {isa = PBXBuildFile; fileRef = 6359C19B2549D3FB05CAC84D /* HealthCheckServiceTests.swift */; };
		472901C28FD5A128BA2C0D07 /* BuildInfo.swift in Sources */ = {isa = PBXBuildFile; fileRef = B56B9E2506F80911E2FE10CD /* BuildInfo.swift */; };
		4C13A122C91341A9226BAEB9 /* TrainingHubService.swift in Sources */ = {isa = PBXBuildFile; fileRef = 38C214F20B43E56A3309E44B /* TrainingHubService.swift */; };
		4CC58B2E749032AADDB54A39 /* DashboardPreviewData.swift in Sources */ = {isa = PBXBuildFile; fileRef = 70AE51EAD3597A6762578801 /* DashboardPreviewData.swift */; };
		4DE06AD46F218D688139E949 /* OpusCard.swift in Sources */ = {isa = PBXBuildFile; fileRef = E7578A4C4D4968C340786276 /* OpusCard.swift */; };
		4E167CD678F050101A3A9E6A /* OpusTheme.swift in Sources */ = {isa = PBXBuildFile; fileRef = 182E1EB8CFF879C3B429D2D4 /* OpusTheme.swift */; };
		4E9915542109A999A779854E /* ArenaPart5Service.swift in Sources */ = {isa = PBXBuildFile; fileRef = B15680681F0BD51B68BB651B /* ArenaPart5Service.swift */; };
		5272D00CC0AEDA58273E6354 /* VocabularyViewModel.swift in Sources */ = {isa = PBXBuildFile; fileRef = 396DC353F48E66232DD0D1D2 /* VocabularyViewModel.swift */; };
		5292B29A6B0851F67B6DA176 /* SSEClient.swift in Sources */ = {isa = PBXBuildFile; fileRef = 92A763959BA41B375C9542AC /* SSEClient.swift */; };
		5C910FAB77A7DB0D9E2354C3 /* OpusStateView.swift in Sources */ = {isa = PBXBuildFile; fileRef = D10EC5D4C59A07AE827F621A /* OpusStateView.swift */; };
		6180FF6CFFBBAEF57B3F0174 /* ArenaPart5ViewModel.swift in Sources */ = {isa = PBXBuildFile; fileRef = 02EE10FFEA22BF3DCFAACE0E /* ArenaPart5ViewModel.swift */; };
		62339B810FCFEA01F8831812 /* HealthCheckService.swift in Sources */ = {isa = PBXBuildFile; fileRef = 2EC466F6C9FFD2C9DA802A58 /* HealthCheckService.swift */; };
		6263E04F2CE602A56751AAF5 /* BriefingModels.swift in Sources */ = {isa = PBXBuildFile; fileRef = AB0635C7B462ADAB56C37BC9 /* BriefingModels.swift */; };
		63A3BF133C73D78DF5C3DA27 /* ArenaDashboardViewModel.swift in Sources */ = {isa = PBXBuildFile; fileRef = 30070A31C641A4B2541E0518 /* ArenaDashboardViewModel.swift */; };
		63A81AB96B0FBCCBE977AF95 /* OpusChip.swift in Sources */ = {isa = PBXBuildFile; fileRef = CE6AECBAE0AF887BCE8E7FD7 /* OpusChip.swift */; };
		68EA8FE71BA8FDD1DB180688 /* Endpoint.swift in Sources */ = {isa = PBXBuildFile; fileRef = 6263DC8E8F42D945D914B65F /* Endpoint.swift */; };
		69748E2BD95E03AD0F8DFD2C /* OpusSheetHeader.swift in Sources */ = {isa = PBXBuildFile; fileRef = EAA7E2AFFF9C5F0F1996D825 /* OpusSheetHeader.swift */; };
		6B26D739D0F3FC8226ABB352 /* OpusDashboardHeader.swift in Sources */ = {isa = PBXBuildFile; fileRef = EF2137313B91DF83B867CF3E /* OpusDashboardHeader.swift */; };
		6C43F787FBE5DC35B48ADED6 /* DiagnosticsHomeView.swift in Sources */ = {isa = PBXBuildFile; fileRef = 43B8667C8CC8A000F0D285F4 /* DiagnosticsHomeView.swift */; };
		6CC3B4BEACF432E257725173 /* DashboardModels.swift in Sources */ = {isa = PBXBuildFile; fileRef = A4ADC4B898F94E9ADB36FC67 /* DashboardModels.swift */; };
		6DA2EA8A808C1B2E3DAE82AF /* ArenaMissionService.swift in Sources */ = {isa = PBXBuildFile; fileRef = 1BD627F63B11F132BF5BFAFF /* ArenaMissionService.swift */; };
		7397B447F9173945C8F576C7 /* BriefingView.swift in Sources */ = {isa = PBXBuildFile; fileRef = 2CE17D944DF2523782C65BF8 /* BriefingView.swift */; };
		7667EC5A508422FA0A2CD75B /* URLSessionAPIClient.swift in Sources */ = {isa = PBXBuildFile; fileRef = C7F7A23628213736D6973722 /* URLSessionAPIClient.swift */; };
		83A89981AF85F81A8C27CC2C /* AuthSessionServiceTests.swift in Sources */ = {isa = PBXBuildFile; fileRef = 87F5C2E93EDCCA885EC909BA /* AuthSessionServiceTests.swift */; };
		85758D0F576D4BB0A657C6C7 /* DashboardTabContainerView.swift in Sources */ = {isa = PBXBuildFile; fileRef = 5B20F7867ED32784C2F9C5DD /* DashboardTabContainerView.swift */; };
		8BD68287E79FB8815605EA19 /* ArenaPart5ServiceTests.swift in Sources */ = {isa = PBXBuildFile; fileRef = 8A3D6A0BC902A5610957C472 /* ArenaPart5ServiceTests.swift */; };
		8DA63246A0702327E55E1C98 /* AuthRootView.swift in Sources */ = {isa = PBXBuildFile; fileRef = 3AF4260ABAE6A9D0ACD5E84C /* AuthRootView.swift */; };
		8FCB7380ED1A20B171E1BC93 /* RuntimeConfigTests.swift in Sources */ = {isa = PBXBuildFile; fileRef = E5A0D8F9E44B90E0EAD91015 /* RuntimeConfigTests.swift */; };
		96AE54ED566B7313951C6ACF /* SessionRunnerService.swift in Sources */ = {isa = PBXBuildFile; fileRef = 607B47BEE4F6DAFC5DDDB5D6 /* SessionRunnerService.swift */; };
		97316488910B974EC2D5F8D6 /* SessionRunnerViewModelTests.swift in Sources */ = {isa = PBXBuildFile; fileRef = 2A1AE2ADC200D8056BEDF8A7 /* SessionRunnerViewModelTests.swift */; };
		9BD2D85C78465A34E6282808 /* BriefingSelectableTextView.swift in Sources */ = {isa = PBXBuildFile; fileRef = D8B093A9DABB398F2B3CD5E9 /* BriefingSelectableTextView.swift */; };
		9C5AE0AAD012232B46EF0246 /* AuthSessionError.swift in Sources */ = {isa = PBXBuildFile; fileRef = 1BAEC6E066242B3A13A2A521 /* AuthSessionError.swift */; };
		9D5009A72A82669F21F6FF9C /* RequestBuilderTests.swift in Sources */ = {isa = PBXBuildFile; fileRef = C68299CF2D0DD51A412DC667 /* RequestBuilderTests.swift */; };
		9DA4303C1924F4654E03EB80 /* OpusListRow.swift in Sources */ = {isa = PBXBuildFile; fileRef = 12C866CBCD14CFB5F2FEBCB1 /* OpusListRow.swift */; };
		9EBB22C25427A66991BD2F51 /* ArenaDashboardService.swift in Sources */ = {isa = PBXBuildFile; fileRef = FF810845434BE3B8EFBAE3F3 /* ArenaDashboardService.swift */; };
		A07A0456C463DE9EE17B998C /* VocabularyModels.swift in Sources */ = {isa = PBXBuildFile; fileRef = DE49307588A8C018046BE55A /* VocabularyModels.swift */; };
		A0E81BF81F3EEFA1FDAC8C07 /* KeychainTokenStoreTests.swift in Sources */ = {isa = PBXBuildFile; fileRef = FF0A4B218DE4445A156E1A62 /* KeychainTokenStoreTests.swift */; };
		A13A3CE7D842C348644C1BF0 /* AppEnvironment.swift in Sources */ = {isa = PBXBuildFile; fileRef = 1DF33BE709520CCCF1C5BDE2 /* AppEnvironment.swift */; };
		A774295448E663740E8F078D /* DashboardTab.swift in Sources */ = {isa = PBXBuildFile; fileRef = 3315218A7CC6A03A5DA74314 /* DashboardTab.swift */; };
		AA87DB3FF3146CF8EBB696A6 /* DashboardSummaryService.swift in Sources */ = {isa = PBXBuildFile; fileRef = D61B49C572A5789795DD5BA3 /* DashboardSummaryService.swift */; };
		AB606746F929ECF560904904 /* HTTPMethod.swift in Sources */ = {isa = PBXBuildFile; fileRef = C8FD7937C99658BA846179D2 /* HTTPMethod.swift */; };
		AC6DFBD01308D7DD29F28D92 /* BriefingViewModelTests.swift in Sources */ = {isa = PBXBuildFile; fileRef = C377409F1E87F4087A95B4DB /* BriefingViewModelTests.swift */; };
		B3E43984040228E91651D237 /* NetworkError.swift in Sources */ = {isa = PBXBuildFile; fileRef = 298A3E6E24DB8D81B3CAD614 /* NetworkError.swift */; };
		B42C81443E7B12BB01F6F977 /* DashboardViewModel.swift in Sources */ = {isa = PBXBuildFile; fileRef = C04669F51DC0F88996F304AA /* DashboardViewModel.swift */; };
		B56885AD41B9F51F6C45A8CF /* SessionRunnerViewModel.swift in Sources */ = {isa = PBXBuildFile; fileRef = 63F31F4C0F7FF9563510CDDF /* SessionRunnerViewModel.swift */; };
		B7E641E987AEDF3F970B1F7F /* VocabularyService.swift in Sources */ = {isa = PBXBuildFile; fileRef = FB5F4659AFB1D532B81BE745 /* VocabularyService.swift */; };
		B886BEC38476FBD5C2A22E07 /* ArenaMissionModels.swift in Sources */ = {isa = PBXBuildFile; fileRef = 84F1D57DB8AEB94410E18FB4 /* ArenaMissionModels.swift */; };
		C051209ED0DEBAD050505F57 /* OpusProgressMeter.swift in Sources */ = {isa = PBXBuildFile; fileRef = 5DBBE92AD31B10AD85AB366C /* OpusProgressMeter.swift */; };
		C0ACD6A399F3EC370A2ED86E /* ArenaMissionView.swift in Sources */ = {isa = PBXBuildFile; fileRef = 6743AD88D9C846B2CDE0CECB /* ArenaMissionView.swift */; };
		C1A7F79480230958A3FF1540 /* ArenaDashboardViewModelTests.swift in Sources */ = {isa = PBXBuildFile; fileRef = 42F96B9A0AD476D7895305C2 /* ArenaDashboardViewModelTests.swift */; };
		C1EB61E14AB4DFEA7BD13457 /* AppRootView.swift in Sources */ = {isa = PBXBuildFile; fileRef = AAA5DF5633D45A8FB6B78F63 /* AppRootView.swift */; };
		C40A26794F4ADC97899C788F /* AuthTokenStore.swift in Sources */ = {isa = PBXBuildFile; fileRef = 20A997D0D0AA2D3B2E423BF0 /* AuthTokenStore.swift */; };
		C47B976A42B7713381A4475F /* DiagnosticsViewModelTests.swift in Sources */ = {isa = PBXBuildFile; fileRef = 084E27FBFFF18210F309D98C /* DiagnosticsViewModelTests.swift */; };
		C6468E7E59D832146823FC35 /* ArenaPart5View.swift in Sources */ = {isa = PBXBuildFile; fileRef = FEC210B4250E41474370FA99 /* ArenaPart5View.swift */; };
		C76205E3B3456BA83A33B21E /* ArenaDashboardModels.swift in Sources */ = {isa = PBXBuildFile; fileRef = 4F482023FD91EAD0556A7A11 /* ArenaDashboardModels.swift */; };
		CA336569F97AF8FD53A4C2D9 /* OpusBadge.swift in Sources */ = {isa = PBXBuildFile; fileRef = FB42BF41A51A891076C4173E /* OpusBadge.swift */; };
		CB5A0E7BDAB17C1170ADFBAD /* AuthSessionService.swift in Sources */ = {isa = PBXBuildFile; fileRef = FC668E43F3D46044001FE917 /* AuthSessionService.swift */; };
		D57A09EEBF2E6DC48FCD4DC3 /* LaunchCoordinatorTests.swift in Sources */ = {isa = PBXBuildFile; fileRef = F1B1F308EA8E023E2D182D29 /* LaunchCoordinatorTests.swift */; };
		D7A7085B4C71081CF8A0201E /* AuthEnvironmentStore.swift in Sources */ = {isa = PBXBuildFile; fileRef = F349C8B23749F6591C5DD1D2 /* AuthEnvironmentStore.swift */; };
		DE4046302B79D865ABFDC3D0 /* OpusDesignSystemGallery.swift in Sources */ = {isa = PBXBuildFile; fileRef = 27B9F08A03E93F1C4589AC53 /* OpusDesignSystemGallery.swift */; };
		DE879FB445F035D08C98D802 /* LaunchCoordinator.swift in Sources */ = {isa = PBXBuildFile; fileRef = B6D39E85A07CF42760A4798F /* LaunchCoordinator.swift */; };
		DFE9C4E8E4E8A00406DC88FA /* DiagnosticsViewModel.swift in Sources */ = {isa = PBXBuildFile; fileRef = 66527F9F9DFC0DFF53D30E1F /* DiagnosticsViewModel.swift */; };
		E145F6F58FF570E8C842E258 /* BriefingService.swift in Sources */ = {isa = PBXBuildFile; fileRef = BFABDCA96B9FB35C3069E033 /* BriefingService.swift */; };
		E7A2421F3FCA51710527D1DA /* TrainingHubView.swift in Sources */ = {isa = PBXBuildFile; fileRef = 4EF301570EA897A384AA3EDC /* TrainingHubView.swift */; };
		E9FADA501A2D5739F234BC49 /* OpusApp.swift in Sources */ = {isa = PBXBuildFile; fileRef = EFD56555672778BDB5E31E64 /* OpusApp.swift */; };
		F2EE0250E5DCF8CAD94DE89F /* MobileAuthModels.swift in Sources */ = {isa = PBXBuildFile; fileRef = 1520D32BACD8E1C65553E9BE /* MobileAuthModels.swift */; };
		F6354C69793C4C1A83BF4971 /* SessionRunnerView.swift in Sources */ = {isa = PBXBuildFile; fileRef = FAD685A77394C64BC25995C1 /* SessionRunnerView.swift */; };
		F71200D23BC91BEC028C56AC /* ArenaDashboardView.swift in Sources */ = {isa = PBXBuildFile; fileRef = EEAB3B29783E344DE7739148 /* ArenaDashboardView.swift */; };
		FBF75B649BF7647482C195C2 /* APIClient.swift in Sources */ = {isa = PBXBuildFile; fileRef = 853FAD1C1A474733938BCAAE /* APIClient.swift */; };
		FE4DD8F0C1B79CBE0D0B3B49 /* KeychainTokenStore.swift in Sources */ = {isa = PBXBuildFile; fileRef = 287B8D458A9036BAA93962D3 /* KeychainTokenStore.swift */; };
		FF3FF0B15D8B27597A13E9E5 /* AppDependencies.swift in Sources */ = {isa = PBXBuildFile; fileRef = 9A177E421DB40E995947453E /* AppDependencies.swift */; };
		FF84CD2485C9DD90193FA1F8 /* BriefingViewModel.swift in Sources */ = {isa = PBXBuildFile; fileRef = F72B6324897BE3082DB95D95 /* BriefingViewModel.swift */; };
/* End PBXBuildFile section */

/* Begin PBXContainerItemProxy section */
		68A548AE76B098B6300DBBFD /* PBXContainerItemProxy */ = {
			isa = PBXContainerItemProxy;
			containerPortal = 97A78138E32A3DA0C81F2DE6 /* Project object */;
			proxyType = 1;
			remoteGlobalIDString = BA3547E36E116487AD8BD65A;
			remoteInfo = OpusApp;
		};
/* End PBXContainerItemProxy section */

/* Begin PBXFileReference section */
		005AE1B96DAADD83D763957A /* SessionRunnerModels.swift */ = {isa = PBXFileReference; lastKnownFileType = sourcecode.swift; path = SessionRunnerModels.swift; sourceTree = "<group>"; };
		02EE10FFEA22BF3DCFAACE0E /* ArenaPart5ViewModel.swift */ = {isa = PBXFileReference; lastKnownFileType = sourcecode.swift; path = ArenaPart5ViewModel.swift; sourceTree = "<group>"; };
		0705B2660A9469BE44C9804F /* VocabularyView.swift */ = {isa = PBXFileReference; lastKnownFileType = sourcecode.swift; path = VocabularyView.swift; sourceTree = "<group>"; };
		084E27FBFFF18210F309D98C /* DiagnosticsViewModelTests.swift */ = {isa = PBXFileReference; lastKnownFileType = sourcecode.swift; path = DiagnosticsViewModelTests.swift; sourceTree = "<group>"; };
		12C866CBCD14CFB5F2FEBCB1 /* OpusListRow.swift */ = {isa = PBXFileReference; lastKnownFileType = sourcecode.swift; path = OpusListRow.swift; sourceTree = "<group>"; };
		1520D32BACD8E1C65553E9BE /* MobileAuthModels.swift */ = {isa = PBXFileReference; lastKnownFileType = sourcecode.swift; path = MobileAuthModels.swift; sourceTree = "<group>"; };
		182E1EB8CFF879C3B429D2D4 /* OpusTheme.swift */ = {isa = PBXFileReference; lastKnownFileType = sourcecode.swift; path = OpusTheme.swift; sourceTree = "<group>"; };
		1BAEC6E066242B3A13A2A521 /* AuthSessionError.swift */ = {isa = PBXFileReference; lastKnownFileType = sourcecode.swift; path = AuthSessionError.swift; sourceTree = "<group>"; };
		1BD627F63B11F132BF5BFAFF /* ArenaMissionService.swift */ = {isa = PBXFileReference; lastKnownFileType = sourcecode.swift; path = ArenaMissionService.swift; sourceTree = "<group>"; };
		1D1627CAB20DF2F481D11092 /* OpusSectionHeader.swift */ = {isa = PBXFileReference; lastKnownFileType = sourcecode.swift; path = OpusSectionHeader.swift; sourceTree = "<group>"; };
		1DF33BE709520CCCF1C5BDE2 /* AppEnvironment.swift */ = {isa = PBXFileReference; lastKnownFileType = sourcecode.swift; path = AppEnvironment.swift; sourceTree = "<group>"; };
		20A997D0D0AA2D3B2E423BF0 /* AuthTokenStore.swift */ = {isa = PBXFileReference; lastKnownFileType = sourcecode.swift; path = AuthTokenStore.swift; sourceTree = "<group>"; };
		23F8D99CEA6BAAB3E39FCA50 /* NetworkLogger.swift */ = {isa = PBXFileReference; lastKnownFileType = sourcecode.swift; path = NetworkLogger.swift; sourceTree = "<group>"; };
		24FD6577AE76630734894FB1 /* Local.xcconfig */ = {isa = PBXFileReference; lastKnownFileType = text.xcconfig; path = Local.xcconfig; sourceTree = "<group>"; };
		27B9F08A03E93F1C4589AC53 /* OpusDesignSystemGallery.swift */ = {isa = PBXFileReference; lastKnownFileType = sourcecode.swift; path = OpusDesignSystemGallery.swift; sourceTree = "<group>"; };
		287B8D458A9036BAA93962D3 /* KeychainTokenStore.swift */ = {isa = PBXFileReference; lastKnownFileType = sourcecode.swift; path = KeychainTokenStore.swift; sourceTree = "<group>"; };
		298A3E6E24DB8D81B3CAD614 /* NetworkError.swift */ = {isa = PBXFileReference; lastKnownFileType = sourcecode.swift; path = NetworkError.swift; sourceTree = "<group>"; };
		2A1AE2ADC200D8056BEDF8A7 /* SessionRunnerViewModelTests.swift */ = {isa = PBXFileReference; lastKnownFileType = sourcecode.swift; path = SessionRunnerViewModelTests.swift; sourceTree = "<group>"; };
		2CE17D944DF2523782C65BF8 /* BriefingView.swift */ = {isa = PBXFileReference; lastKnownFileType = sourcecode.swift; path = BriefingView.swift; sourceTree = "<group>"; };
		2EC466F6C9FFD2C9DA802A58 /* HealthCheckService.swift */ = {isa = PBXFileReference; lastKnownFileType = sourcecode.swift; path = HealthCheckService.swift; sourceTree = "<group>"; };
		30070A31C641A4B2541E0518 /* ArenaDashboardViewModel.swift */ = {isa = PBXFileReference; lastKnownFileType = sourcecode.swift; path = ArenaDashboardViewModel.swift; sourceTree = "<group>"; };
		3315218A7CC6A03A5DA74314 /* DashboardTab.swift */ = {isa = PBXFileReference; lastKnownFileType = sourcecode.swift; path = DashboardTab.swift; sourceTree = "<group>"; };
		38C214F20B43E56A3309E44B /* TrainingHubService.swift */ = {isa = PBXFileReference; lastKnownFileType = sourcecode.swift; path = TrainingHubService.swift; sourceTree = "<group>"; };
		396DC353F48E66232DD0D1D2 /* VocabularyViewModel.swift */ = {isa = PBXFileReference; lastKnownFileType = sourcecode.swift; path = VocabularyViewModel.swift; sourceTree = "<group>"; };
		3A61B132CB9F941DAEB64F7D /* RuntimeConfig.swift */ = {isa = PBXFileReference; lastKnownFileType = sourcecode.swift; path = RuntimeConfig.swift; sourceTree = "<group>"; };
		3AC2FA979D23770E4CD91A38 /* RequestBuilder.swift */ = {isa = PBXFileReference; lastKnownFileType = sourcecode.swift; path = RequestBuilder.swift; sourceTree = "<group>"; };
		3AF4260ABAE6A9D0ACD5E84C /* AuthRootView.swift */ = {isa = PBXFileReference; lastKnownFileType = sourcecode.swift; path = AuthRootView.swift; sourceTree = "<group>"; };
		419B1474D4A7E3A0A7BF3535 /* Production.xcconfig */ = {isa = PBXFileReference; lastKnownFileType = text.xcconfig; path = Production.xcconfig; sourceTree = "<group>"; };
		42F96B9A0AD476D7895305C2 /* ArenaDashboardViewModelTests.swift */ = {isa = PBXFileReference; lastKnownFileType = sourcecode.swift; path = ArenaDashboardViewModelTests.swift; sourceTree = "<group>"; };
		43B8667C8CC8A000F0D285F4 /* DiagnosticsHomeView.swift */ = {isa = PBXFileReference; lastKnownFileType = sourcecode.swift; path = DiagnosticsHomeView.swift; sourceTree = "<group>"; };
		4EF301570EA897A384AA3EDC /* TrainingHubView.swift */ = {isa = PBXFileReference; lastKnownFileType = sourcecode.swift; path = TrainingHubView.swift; sourceTree = "<group>"; };
		4F482023FD91EAD0556A7A11 /* ArenaDashboardModels.swift */ = {isa = PBXFileReference; lastKnownFileType = sourcecode.swift; path = ArenaDashboardModels.swift; sourceTree = "<group>"; };
		5722653BE13ED9BEF0850B56 /* ArenaMissionViewModelTests.swift */ = {isa = PBXFileReference; lastKnownFileType = sourcecode.swift; path = ArenaMissionViewModelTests.swift; sourceTree = "<group>"; };
		5B20F7867ED32784C2F9C5DD /* DashboardTabContainerView.swift */ = {isa = PBXFileReference; lastKnownFileType = sourcecode.swift; path = DashboardTabContainerView.swift; sourceTree = "<group>"; };
		5CE27F812757CFD89A1179C9 /* OpusPrimaryButton.swift */ = {isa = PBXFileReference; lastKnownFileType = sourcecode.swift; path = OpusPrimaryButton.swift; sourceTree = "<group>"; };
		5DBBE92AD31B10AD85AB366C /* OpusProgressMeter.swift */ = {isa = PBXFileReference; lastKnownFileType = sourcecode.swift; path = OpusProgressMeter.swift; sourceTree = "<group>"; };
		607B47BEE4F6DAFC5DDDB5D6 /* SessionRunnerService.swift */ = {isa = PBXFileReference; lastKnownFileType = sourcecode.swift; path = SessionRunnerService.swift; sourceTree = "<group>"; };
		60DE83363596CB3C878A7422 /* TrainingHubViewModel.swift */ = {isa = PBXFileReference; lastKnownFileType = sourcecode.swift; path = TrainingHubViewModel.swift; sourceTree = "<group>"; };
		6263DC8E8F42D945D914B65F /* Endpoint.swift */ = {isa = PBXFileReference; lastKnownFileType = sourcecode.swift; path = Endpoint.swift; sourceTree = "<group>"; };
		62B651D48E1DBFB62E0F1BA3 /* MobileEnvelope.swift */ = {isa = PBXFileReference; lastKnownFileType = sourcecode.swift; path = MobileEnvelope.swift; sourceTree = "<group>"; };
		6359C19B2549D3FB05CAC84D /* HealthCheckServiceTests.swift */ = {isa = PBXFileReference; lastKnownFileType = sourcecode.swift; path = HealthCheckServiceTests.swift; sourceTree = "<group>"; };
		63F31F4C0F7FF9563510CDDF /* SessionRunnerViewModel.swift */ = {isa = PBXFileReference; lastKnownFileType = sourcecode.swift; path = SessionRunnerViewModel.swift; sourceTree = "<group>"; };
		66527F9F9DFC0DFF53D30E1F /* DiagnosticsViewModel.swift */ = {isa = PBXFileReference; lastKnownFileType = sourcecode.swift; path = DiagnosticsViewModel.swift; sourceTree = "<group>"; };
		666EB4918792242D00EF7620 /* DashboardHomeView.swift */ = {isa = PBXFileReference; lastKnownFileType = sourcecode.swift; path = DashboardHomeView.swift; sourceTree = "<group>"; };
		6743AD88D9C846B2CDE0CECB /* ArenaMissionView.swift */ = {isa = PBXFileReference; lastKnownFileType = sourcecode.swift; path = ArenaMissionView.swift; sourceTree = "<group>"; };
		686EB246317BA4656CB9E050 /* ArenaPart5Models.swift */ = {isa = PBXFileReference; lastKnownFileType = sourcecode.swift; path = ArenaPart5Models.swift; sourceTree = "<group>"; };
		6F28B7BA8B2CC74AD0A98D17 /* SessionRunnerServiceTests.swift */ = {isa = PBXFileReference; lastKnownFileType = sourcecode.swift; path = SessionRunnerServiceTests.swift; sourceTree = "<group>"; };
		70AE51EAD3597A6762578801 /* DashboardPreviewData.swift */ = {isa = PBXFileReference; lastKnownFileType = sourcecode.swift; path = DashboardPreviewData.swift; sourceTree = "<group>"; };
		7311CFBBE26760857BD5C207 /* SSEClientTests.swift */ = {isa = PBXFileReference; lastKnownFileType = sourcecode.swift; path = SSEClientTests.swift; sourceTree = "<group>"; };
		754D5475C6328990D0CA4FB7 /* OpusAppTests.xctest */ = {isa = PBXFileReference; explicitFileType = wrapper.cfbundle; includeInIndex = 0; path = OpusAppTests.xctest; sourceTree = BUILT_PRODUCTS_DIR; };
		84F1D57DB8AEB94410E18FB4 /* ArenaMissionModels.swift */ = {isa = PBXFileReference; lastKnownFileType = sourcecode.swift; path = ArenaMissionModels.swift; sourceTree = "<group>"; };
		853FAD1C1A474733938BCAAE /* APIClient.swift */ = {isa = PBXFileReference; lastKnownFileType = sourcecode.swift; path = APIClient.swift; sourceTree = "<group>"; };
		87F5C2E93EDCCA885EC909BA /* AuthSessionServiceTests.swift */ = {isa = PBXFileReference; lastKnownFileType = sourcecode.swift; path = AuthSessionServiceTests.swift; sourceTree = "<group>"; };
		8A3D6A0BC902A5610957C472 /* ArenaPart5ServiceTests.swift */ = {isa = PBXFileReference; lastKnownFileType = sourcecode.swift; path = ArenaPart5ServiceTests.swift; sourceTree = "<group>"; };
		8B23EF5A48FE82FB6418F66D /* DashboardViewModelTests.swift */ = {isa = PBXFileReference; lastKnownFileType = sourcecode.swift; path = DashboardViewModelTests.swift; sourceTree = "<group>"; };
		8DF5C8F45D5473701D870BD8 /* OpusSkeletonView.swift */ = {isa = PBXFileReference; lastKnownFileType = sourcecode.swift; path = OpusSkeletonView.swift; sourceTree = "<group>"; };
		8EFD253EBEB957E91A67F690 /* OpusApp.app */ = {isa = PBXFileReference; explicitFileType = wrapper.application; includeInIndex = 0; path = OpusApp.app; sourceTree = BUILT_PRODUCTS_DIR; };
		92A763959BA41B375C9542AC /* SSEClient.swift */ = {isa = PBXFileReference; lastKnownFileType = sourcecode.swift; path = SSEClient.swift; sourceTree = "<group>"; };
		9A177E421DB40E995947453E /* AppDependencies.swift */ = {isa = PBXFileReference; lastKnownFileType = sourcecode.swift; path = AppDependencies.swift; sourceTree = "<group>"; };
		A4ADC4B898F94E9ADB36FC67 /* DashboardModels.swift */ = {isa = PBXFileReference; lastKnownFileType = sourcecode.swift; path = DashboardModels.swift; sourceTree = "<group>"; };
		A7C57ED7F593175991FE641D /* URLSessionAPIClientTests.swift */ = {isa = PBXFileReference; lastKnownFileType = sourcecode.swift; path = URLSessionAPIClientTests.swift; sourceTree = "<group>"; };
		A9C829AA25CBC7DDA01B7551 /* ArenaMissionViewModel.swift */ = {isa = PBXFileReference; lastKnownFileType = sourcecode.swift; path = ArenaMissionViewModel.swift; sourceTree = "<group>"; };
		AAA5DF5633D45A8FB6B78F63 /* AppRootView.swift */ = {isa = PBXFileReference; lastKnownFileType = sourcecode.swift; path = AppRootView.swift; sourceTree = "<group>"; };
		AB0635C7B462ADAB56C37BC9 /* BriefingModels.swift */ = {isa = PBXFileReference; lastKnownFileType = sourcecode.swift; path = BriefingModels.swift; sourceTree = "<group>"; };
		ABD78E311FF81ABBBAA71E9E /* VocabularyViewModelTests.swift */ = {isa = PBXFileReference; lastKnownFileType = sourcecode.swift; path = VocabularyViewModelTests.swift; sourceTree = "<group>"; };
		B11265D6329533B27A62A616 /* ArenaPart5ViewModelTests.swift */ = {isa = PBXFileReference; lastKnownFileType = sourcecode.swift; path = ArenaPart5ViewModelTests.swift; sourceTree = "<group>"; };
		B15680681F0BD51B68BB651B /* ArenaPart5Service.swift */ = {isa = PBXFileReference; lastKnownFileType = sourcecode.swift; path = ArenaPart5Service.swift; sourceTree = "<group>"; };
		B56B9E2506F80911E2FE10CD /* BuildInfo.swift */ = {isa = PBXFileReference; lastKnownFileType = sourcecode.swift; path = BuildInfo.swift; sourceTree = "<group>"; };
		B6D39E85A07CF42760A4798F /* LaunchCoordinator.swift */ = {isa = PBXFileReference; lastKnownFileType = sourcecode.swift; path = LaunchCoordinator.swift; sourceTree = "<group>"; };
		BFABDCA96B9FB35C3069E033 /* BriefingService.swift */ = {isa = PBXFileReference; lastKnownFileType = sourcecode.swift; path = BriefingService.swift; sourceTree = "<group>"; };
		C04669F51DC0F88996F304AA /* DashboardViewModel.swift */ = {isa = PBXFileReference; lastKnownFileType = sourcecode.swift; path = DashboardViewModel.swift; sourceTree = "<group>"; };
		C377409F1E87F4087A95B4DB /* BriefingViewModelTests.swift */ = {isa = PBXFileReference; lastKnownFileType = sourcecode.swift; path = BriefingViewModelTests.swift; sourceTree = "<group>"; };
		C68299CF2D0DD51A412DC667 /* RequestBuilderTests.swift */ = {isa = PBXFileReference; lastKnownFileType = sourcecode.swift; path = RequestBuilderTests.swift; sourceTree = "<group>"; };
		C7F7A23628213736D6973722 /* URLSessionAPIClient.swift */ = {isa = PBXFileReference; lastKnownFileType = sourcecode.swift; path = URLSessionAPIClient.swift; sourceTree = "<group>"; };
		C88F19A2B147C81E06B6D8A8 /* OpusInteraction.swift */ = {isa = PBXFileReference; lastKnownFileType = sourcecode.swift; path = OpusInteraction.swift; sourceTree = "<group>"; };
		C8FD7937C99658BA846179D2 /* HTTPMethod.swift */ = {isa = PBXFileReference; lastKnownFileType = sourcecode.swift; path = HTTPMethod.swift; sourceTree = "<group>"; };
		CE6AECBAE0AF887BCE8E7FD7 /* OpusChip.swift */ = {isa = PBXFileReference; lastKnownFileType = sourcecode.swift; path = OpusChip.swift; sourceTree = "<group>"; };
		D10EC5D4C59A07AE827F621A /* OpusStateView.swift */ = {isa = PBXFileReference; lastKnownFileType = sourcecode.swift; path = OpusStateView.swift; sourceTree = "<group>"; };
		D61B49C572A5789795DD5BA3 /* DashboardSummaryService.swift */ = {isa = PBXFileReference; lastKnownFileType = sourcecode.swift; path = DashboardSummaryService.swift; sourceTree = "<group>"; };
		D8B093A9DABB398F2B3CD5E9 /* BriefingSelectableTextView.swift */ = {isa = PBXFileReference; lastKnownFileType = sourcecode.swift; path = BriefingSelectableTextView.swift; sourceTree = "<group>"; };
		D8F0FAA3A1E14C909A0761F8 /* TrainingHubModels.swift */ = {isa = PBXFileReference; lastKnownFileType = sourcecode.swift; path = TrainingHubModels.swift; sourceTree = "<group>"; };
		DE49307588A8C018046BE55A /* VocabularyModels.swift */ = {isa = PBXFileReference; lastKnownFileType = sourcecode.swift; path = VocabularyModels.swift; sourceTree = "<group>"; };
		E5A0D8F9E44B90E0EAD91015 /* RuntimeConfigTests.swift */ = {isa = PBXFileReference; lastKnownFileType = sourcecode.swift; path = RuntimeConfigTests.swift; sourceTree = "<group>"; };
		E6E42763DC5FE5A0E15E1582 /* AuthEndpoints.swift */ = {isa = PBXFileReference; lastKnownFileType = sourcecode.swift; path = AuthEndpoints.swift; sourceTree = "<group>"; };
		E7578A4C4D4968C340786276 /* OpusCard.swift */ = {isa = PBXFileReference; lastKnownFileType = sourcecode.swift; path = OpusCard.swift; sourceTree = "<group>"; };
		E7A171551EEEEEDF646B9354 /* TrainingHubViewModelTests.swift */ = {isa = PBXFileReference; lastKnownFileType = sourcecode.swift; path = TrainingHubViewModelTests.swift; sourceTree = "<group>"; };
		EAA7E2AFFF9C5F0F1996D825 /* OpusSheetHeader.swift */ = {isa = PBXFileReference; lastKnownFileType = sourcecode.swift; path = OpusSheetHeader.swift; sourceTree = "<group>"; };
		EEAB3B29783E344DE7739148 /* ArenaDashboardView.swift */ = {isa = PBXFileReference; lastKnownFileType = sourcecode.swift; path = ArenaDashboardView.swift; sourceTree = "<group>"; };
		EF2137313B91DF83B867CF3E /* OpusDashboardHeader.swift */ = {isa = PBXFileReference; lastKnownFileType = sourcecode.swift; path = OpusDashboardHeader.swift; sourceTree = "<group>"; };
		EFD56555672778BDB5E31E64 /* OpusApp.swift */ = {isa = PBXFileReference; lastKnownFileType = sourcecode.swift; path = OpusApp.swift; sourceTree = "<group>"; };
		F1B1F308EA8E023E2D182D29 /* LaunchCoordinatorTests.swift */ = {isa = PBXFileReference; lastKnownFileType = sourcecode.swift; path = LaunchCoordinatorTests.swift; sourceTree = "<group>"; };
		F349C8B23749F6591C5DD1D2 /* AuthEnvironmentStore.swift */ = {isa = PBXFileReference; lastKnownFileType = sourcecode.swift; path = AuthEnvironmentStore.swift; sourceTree = "<group>"; };
		F6EEEF400AA9747B89AB3A89 /* Staging.xcconfig */ = {isa = PBXFileReference; lastKnownFileType = text.xcconfig; path = Staging.xcconfig; sourceTree = "<group>"; };
		F72B6324897BE3082DB95D95 /* BriefingViewModel.swift */ = {isa = PBXFileReference; lastKnownFileType = sourcecode.swift; path = BriefingViewModel.swift; sourceTree = "<group>"; };
		FAD685A77394C64BC25995C1 /* SessionRunnerView.swift */ = {isa = PBXFileReference; lastKnownFileType = sourcecode.swift; path = SessionRunnerView.swift; sourceTree = "<group>"; };
		FB42BF41A51A891076C4173E /* OpusBadge.swift */ = {isa = PBXFileReference; lastKnownFileType = sourcecode.swift; path = OpusBadge.swift; sourceTree = "<group>"; };
		FB5F4659AFB1D532B81BE745 /* VocabularyService.swift */ = {isa = PBXFileReference; lastKnownFileType = sourcecode.swift; path = VocabularyService.swift; sourceTree = "<group>"; };
		FC668E43F3D46044001FE917 /* AuthSessionService.swift */ = {isa = PBXFileReference; lastKnownFileType = sourcecode.swift; path = AuthSessionService.swift; sourceTree = "<group>"; };
		FEC210B4250E41474370FA99 /* ArenaPart5View.swift */ = {isa = PBXFileReference; lastKnownFileType = sourcecode.swift; path = ArenaPart5View.swift; sourceTree = "<group>"; };
		FF0A4B218DE4445A156E1A62 /* KeychainTokenStoreTests.swift */ = {isa = PBXFileReference; lastKnownFileType = sourcecode.swift; path = KeychainTokenStoreTests.swift; sourceTree = "<group>"; };
		FF810845434BE3B8EFBAE3F3 /* ArenaDashboardService.swift */ = {isa = PBXFileReference; lastKnownFileType = sourcecode.swift; path = ArenaDashboardService.swift; sourceTree = "<group>"; };
/* End PBXFileReference section */

/* Begin PBXGroup section */
		111C60FF7D608CFB536E9DEC /* Vocabulary */ = {
			isa = PBXGroup;
			children = (
				DE49307588A8C018046BE55A /* VocabularyModels.swift */,
				FB5F4659AFB1D532B81BE745 /* VocabularyService.swift */,
				0705B2660A9469BE44C9804F /* VocabularyView.swift */,
				396DC353F48E66232DD0D1D2 /* VocabularyViewModel.swift */,
			);
			path = Vocabulary;
			sourceTree = "<group>";
		};
		1B9D89470A5294A530E523CE /* Components */ = {
			isa = PBXGroup;
			children = (
				EF2137313B91DF83B867CF3E /* OpusDashboardHeader.swift */,
			);
			path = Components;
			sourceTree = "<group>";
		};
		1F3E12926E5F75D419292035 /* Arena */ = {
			isa = PBXGroup;
			children = (
				4F482023FD91EAD0556A7A11 /* ArenaDashboardModels.swift */,
				FF810845434BE3B8EFBAE3F3 /* ArenaDashboardService.swift */,
				EEAB3B29783E344DE7739148 /* ArenaDashboardView.swift */,
				30070A31C641A4B2541E0518 /* ArenaDashboardViewModel.swift */,
				84F1D57DB8AEB94410E18FB4 /* ArenaMissionModels.swift */,
				1BD627F63B11F132BF5BFAFF /* ArenaMissionService.swift */,
				6743AD88D9C846B2CDE0CECB /* ArenaMissionView.swift */,
				A9C829AA25CBC7DDA01B7551 /* ArenaMissionViewModel.swift */,
				686EB246317BA4656CB9E050 /* ArenaPart5Models.swift */,
				B15680681F0BD51B68BB651B /* ArenaPart5Service.swift */,
				FEC210B4250E41474370FA99 /* ArenaPart5View.swift */,
				02EE10FFEA22BF3DCFAACE0E /* ArenaPart5ViewModel.swift */,
			);
			path = Arena;
			sourceTree = "<group>";
		};
		232853D9429C460F7C6FB42C /* Configuration */ = {
			isa = PBXGroup;
			children = (
				1DF33BE709520CCCF1C5BDE2 /* AppEnvironment.swift */,
				B56B9E2506F80911E2FE10CD /* BuildInfo.swift */,
				3A61B132CB9F941DAEB64F7D /* RuntimeConfig.swift */,
			);
			path = Configuration;
			sourceTree = "<group>";
		};
		27FF30A82D4EE984209A2B06 /* Networking */ = {
			isa = PBXGroup;
			children = (
				853FAD1C1A474733938BCAAE /* APIClient.swift */,
				6263DC8E8F42D945D914B65F /* Endpoint.swift */,
				C8FD7937C99658BA846179D2 /* HTTPMethod.swift */,
				62B651D48E1DBFB62E0F1BA3 /* MobileEnvelope.swift */,
				298A3E6E24DB8D81B3CAD614 /* NetworkError.swift */,
				23F8D99CEA6BAAB3E39FCA50 /* NetworkLogger.swift */,
				3AC2FA979D23770E4CD91A38 /* RequestBuilder.swift */,
				92A763959BA41B375C9542AC /* SSEClient.swift */,
				C7F7A23628213736D6973722 /* URLSessionAPIClient.swift */,
			);
			path = Networking;
			sourceTree = "<group>";
		};
		287DC5CB4C59C6A74C92CD30 /* Briefing */ = {
			isa = PBXGroup;
			children = (
				AB0635C7B462ADAB56C37BC9 /* BriefingModels.swift */,
				D8B093A9DABB398F2B3CD5E9 /* BriefingSelectableTextView.swift */,
				BFABDCA96B9FB35C3069E033 /* BriefingService.swift */,
				2CE17D944DF2523782C65BF8 /* BriefingView.swift */,
				F72B6324897BE3082DB95D95 /* BriefingViewModel.swift */,
			);
			path = Briefing;
			sourceTree = "<group>";
		};
		50F47EFDF0261CD408F08E51 /* Config */ = {
			isa = PBXGroup;
			children = (
				24FD6577AE76630734894FB1 /* Local.xcconfig */,
				419B1474D4A7E3A0A7BF3535 /* Production.xcconfig */,
				F6EEEF400AA9747B89AB3A89 /* Staging.xcconfig */,
			);
			path = Config;
			sourceTree = "<group>";
		};
		62E286861F5353553EF9E3C9 /* Diagnostics */ = {
			isa = PBXGroup;
			children = (
				43B8667C8CC8A000F0D285F4 /* DiagnosticsHomeView.swift */,
				66527F9F9DFC0DFF53D30E1F /* DiagnosticsViewModel.swift */,
				2EC466F6C9FFD2C9DA802A58 /* HealthCheckService.swift */,
			);
			path = Diagnostics;
			sourceTree = "<group>";
		};
		666A4F6A290163E10AC202AD /* Features */ = {
			isa = PBXGroup;
			children = (
				1F3E12926E5F75D419292035 /* Arena */,
				A000A098A33F07EBD51B56D5 /* Auth */,
				287DC5CB4C59C6A74C92CD30 /* Briefing */,
				B3837A74BCC2F7EE83E7C2A6 /* Dashboard */,
				62E286861F5353553EF9E3C9 /* Diagnostics */,
				798E31DF4212ACE66B70B279 /* Training */,
				111C60FF7D608CFB536E9DEC /* Vocabulary */,
			);
			path = Features;
			sourceTree = "<group>";
		};
		702EAA58A1C69A47A5F4C21F /* Auth */ = {
			isa = PBXGroup;
			children = (
				E6E42763DC5FE5A0E15E1582 /* AuthEndpoints.swift */,
				F349C8B23749F6591C5DD1D2 /* AuthEnvironmentStore.swift */,
				1BAEC6E066242B3A13A2A521 /* AuthSessionError.swift */,
				FC668E43F3D46044001FE917 /* AuthSessionService.swift */,
				20A997D0D0AA2D3B2E423BF0 /* AuthTokenStore.swift */,
				287B8D458A9036BAA93962D3 /* KeychainTokenStore.swift */,
				B6D39E85A07CF42760A4798F /* LaunchCoordinator.swift */,
				1520D32BACD8E1C65553E9BE /* MobileAuthModels.swift */,
			);
			path = Auth;
			sourceTree = "<group>";
		};
		76D98FB4571695DA65E480F7 /* Networking */ = {
			isa = PBXGroup;
			children = (
				C68299CF2D0DD51A412DC667 /* RequestBuilderTests.swift */,
				7311CFBBE26760857BD5C207 /* SSEClientTests.swift */,
				A7C57ED7F593175991FE641D /* URLSessionAPIClientTests.swift */,
			);
			path = Networking;
			sourceTree = "<group>";
		};
		798E31DF4212ACE66B70B279 /* Training */ = {
			isa = PBXGroup;
			children = (
				005AE1B96DAADD83D763957A /* SessionRunnerModels.swift */,
				607B47BEE4F6DAFC5DDDB5D6 /* SessionRunnerService.swift */,
				FAD685A77394C64BC25995C1 /* SessionRunnerView.swift */,
				63F31F4C0F7FF9563510CDDF /* SessionRunnerViewModel.swift */,
				D8F0FAA3A1E14C909A0761F8 /* TrainingHubModels.swift */,
				38C214F20B43E56A3309E44B /* TrainingHubService.swift */,
				4EF301570EA897A384AA3EDC /* TrainingHubView.swift */,
				60DE83363596CB3C878A7422 /* TrainingHubViewModel.swift */,
			);
			path = Training;
			sourceTree = "<group>";
		};
		7B00E826025E7B0981145842 /* Core */ = {
			isa = PBXGroup;
			children = (
				702EAA58A1C69A47A5F4C21F /* Auth */,
				232853D9429C460F7C6FB42C /* Configuration */,
				27FF30A82D4EE984209A2B06 /* Networking */,
				97CEF74F3E6F4B60A172BE7E /* UI */,
			);
			path = Core;
			sourceTree = "<group>";
		};
		97CEF74F3E6F4B60A172BE7E /* UI */ = {
			isa = PBXGroup;
			children = (
				27B9F08A03E93F1C4589AC53 /* OpusDesignSystemGallery.swift */,
				C88F19A2B147C81E06B6D8A8 /* OpusInteraction.swift */,
				D10EC5D4C59A07AE827F621A /* OpusStateView.swift */,
				182E1EB8CFF879C3B429D2D4 /* OpusTheme.swift */,
				FDA1F431AC948B4A5EA0F09B /* Components */,
			);
			path = UI;
			sourceTree = "<group>";
		};
		9C87ACF5FD6845DE8BFDF4CA /* Configuration */ = {
			isa = PBXGroup;
			children = (
				E5A0D8F9E44B90E0EAD91015 /* RuntimeConfigTests.swift */,
			);
			path = Configuration;
			sourceTree = "<group>";
		};
		A000A098A33F07EBD51B56D5 /* Auth */ = {
			isa = PBXGroup;
			children = (
				3AF4260ABAE6A9D0ACD5E84C /* AuthRootView.swift */,
			);
			path = Auth;
			sourceTree = "<group>";
		};
		A158C286DD3973A2DE45BD92 /* Products */ = {
			isa = PBXGroup;
			children = (
				8EFD253EBEB957E91A67F690 /* OpusApp.app */,
				754D5475C6328990D0CA4FB7 /* OpusAppTests.xctest */,
			);
			name = Products;
			sourceTree = "<group>";
		};
		A3203D8AF2DF933208ABC1DE /* Features */ = {
			isa = PBXGroup;
			children = (
				42F96B9A0AD476D7895305C2 /* ArenaDashboardViewModelTests.swift */,
				5722653BE13ED9BEF0850B56 /* ArenaMissionViewModelTests.swift */,
				8A3D6A0BC902A5610957C472 /* ArenaPart5ServiceTests.swift */,
				B11265D6329533B27A62A616 /* ArenaPart5ViewModelTests.swift */,
				C377409F1E87F4087A95B4DB /* BriefingViewModelTests.swift */,
				8B23EF5A48FE82FB6418F66D /* DashboardViewModelTests.swift */,
				084E27FBFFF18210F309D98C /* DiagnosticsViewModelTests.swift */,
				6359C19B2549D3FB05CAC84D /* HealthCheckServiceTests.swift */,
				6F28B7BA8B2CC74AD0A98D17 /* SessionRunnerServiceTests.swift */,
				2A1AE2ADC200D8056BEDF8A7 /* SessionRunnerViewModelTests.swift */,
				E7A171551EEEEEDF646B9354 /* TrainingHubViewModelTests.swift */,
				ABD78E311FF81ABBBAA71E9E /* VocabularyViewModelTests.swift */,
			);
			path = Features;
			sourceTree = "<group>";
		};
		B3837A74BCC2F7EE83E7C2A6 /* Dashboard */ = {
			isa = PBXGroup;
			children = (
				666EB4918792242D00EF7620 /* DashboardHomeView.swift */,
				A4ADC4B898F94E9ADB36FC67 /* DashboardModels.swift */,
				70AE51EAD3597A6762578801 /* DashboardPreviewData.swift */,
				D61B49C572A5789795DD5BA3 /* DashboardSummaryService.swift */,
				3315218A7CC6A03A5DA74314 /* DashboardTab.swift */,
				5B20F7867ED32784C2F9C5DD /* DashboardTabContainerView.swift */,
				C04669F51DC0F88996F304AA /* DashboardViewModel.swift */,
				1B9D89470A5294A530E523CE /* Components */,
			);
			path = Dashboard;
			sourceTree = "<group>";
		};
		B47631ECC40C089FDB362D2F /* App */ = {
			isa = PBXGroup;
			children = (
				9A177E421DB40E995947453E /* AppDependencies.swift */,
				AAA5DF5633D45A8FB6B78F63 /* AppRootView.swift */,
				EFD56555672778BDB5E31E64 /* OpusApp.swift */,
			);
			path = App;
			sourceTree = "<group>";
		};
		C3929E0424598DC34BFAAE79 = {
			isa = PBXGroup;
			children = (
				B47631ECC40C089FDB362D2F /* App */,
				50F47EFDF0261CD408F08E51 /* Config */,
				7B00E826025E7B0981145842 /* Core */,
				666A4F6A290163E10AC202AD /* Features */,
				E71A4B36DBEABA1C4839B673 /* Tests */,
				A158C286DD3973A2DE45BD92 /* Products */,
			);
			sourceTree = "<group>";
		};
		E71A4B36DBEABA1C4839B673 /* Tests */ = {
			isa = PBXGroup;
			children = (
				FEC1138FB6F38804031F78EB /* Auth */,
				9C87ACF5FD6845DE8BFDF4CA /* Configuration */,
				A3203D8AF2DF933208ABC1DE /* Features */,
				76D98FB4571695DA65E480F7 /* Networking */,
			);
			path = Tests;
			sourceTree = "<group>";
		};
		FDA1F431AC948B4A5EA0F09B /* Components */ = {
			isa = PBXGroup;
			children = (
				FB42BF41A51A891076C4173E /* OpusBadge.swift */,
				E7578A4C4D4968C340786276 /* OpusCard.swift */,
				CE6AECBAE0AF887BCE8E7FD7 /* OpusChip.swift */,
				12C866CBCD14CFB5F2FEBCB1 /* OpusListRow.swift */,
				5CE27F812757CFD89A1179C9 /* OpusPrimaryButton.swift */,
				5DBBE92AD31B10AD85AB366C /* OpusProgressMeter.swift */,
				1D1627CAB20DF2F481D11092 /* OpusSectionHeader.swift */,
				EAA7E2AFFF9C5F0F1996D825 /* OpusSheetHeader.swift */,
				8DF5C8F45D5473701D870BD8 /* OpusSkeletonView.swift */,
			);
			path = Components;
			sourceTree = "<group>";
		};
		FEC1138FB6F38804031F78EB /* Auth */ = {
			isa = PBXGroup;
			children = (
				87F5C2E93EDCCA885EC909BA /* AuthSessionServiceTests.swift */,
				FF0A4B218DE4445A156E1A62 /* KeychainTokenStoreTests.swift */,
				F1B1F308EA8E023E2D182D29 /* LaunchCoordinatorTests.swift */,
			);
			path = Auth;
			sourceTree = "<group>";
		};
/* End PBXGroup section */

/* Begin PBXNativeTarget section */
		BA3547E36E116487AD8BD65A /* OpusApp */ = {
			isa = PBXNativeTarget;
			buildConfigurationList = 887B38F94C00EDF913CEBE2C /* Build configuration list for PBXNativeTarget "OpusApp" */;
			buildPhases = (
				A87F03484C9765E63E3BBAE6 /* Sources */,
			);
			buildRules = (
			);
			dependencies = (
			);
			name = OpusApp;
			packageProductDependencies = (
			);
			productName = OpusApp;
			productReference = 8EFD253EBEB957E91A67F690 /* OpusApp.app */;
			productType = "com.apple.product-type.application";
		};
		C8BF1250E10DC226B94B9AB2 /* OpusAppTests */ = {
			isa = PBXNativeTarget;
			buildConfigurationList = E693C246882D1D84C44B18D3 /* Build configuration list for PBXNativeTarget "OpusAppTests" */;
			buildPhases = (
				22F4E94408B177CC6A88BF59 /* Sources */,
			);
			buildRules = (
			);
			dependencies = (
				93A1EF74C42FD621F48F164C /* PBXTargetDependency */,
			);
			name = OpusAppTests;
			packageProductDependencies = (
			);
			productName = OpusAppTests;
			productReference = 754D5475C6328990D0CA4FB7 /* OpusAppTests.xctest */;
			productType = "com.apple.product-type.bundle.unit-test";
		};
/* End PBXNativeTarget section */

/* Begin PBXProject section */
		97A78138E32A3DA0C81F2DE6 /* Project object */ = {
			isa = PBXProject;
			attributes = {
				BuildIndependentTargetsInParallel = YES;
				LastUpgradeCheck = 1430;
				TargetAttributes = {
					BA3547E36E116487AD8BD65A = {
						ProvisioningStyle = Automatic;
					};
					C8BF1250E10DC226B94B9AB2 = {
						DevelopmentTeam = "";
						ProvisioningStyle = Automatic;
					};
				};
			};
			buildConfigurationList = E05956669A030203D23E3A7B /* Build configuration list for PBXProject "OpusApp" */;
			developmentRegion = en;
			hasScannedForEncodings = 0;
			knownRegions = (
				Base,
				en,
			);
			mainGroup = C3929E0424598DC34BFAAE79;
			minimizedProjectReferenceProxies = 1;
			preferredProjectObjectVersion = 77;
			productRefGroup = A158C286DD3973A2DE45BD92 /* Products */;
			projectDirPath = "";
			projectRoot = "";
			targets = (
				BA3547E36E116487AD8BD65A /* OpusApp */,
				C8BF1250E10DC226B94B9AB2 /* OpusAppTests */,
			);
		};
/* End PBXProject section */

/* Begin PBXSourcesBuildPhase section */
		22F4E94408B177CC6A88BF59 /* Sources */ = {
			isa = PBXSourcesBuildPhase;
			buildActionMask = 2147483647;
			files = (
				C1A7F79480230958A3FF1540 /* ArenaDashboardViewModelTests.swift in Sources */,
				449C4CAAA243BFE6D8695141 /* ArenaMissionViewModelTests.swift in Sources */,
				8BD68287E79FB8815605EA19 /* ArenaPart5ServiceTests.swift in Sources */,
				0CCE392FB43DE88F415BA6BC /* ArenaPart5ViewModelTests.swift in Sources */,
				83A89981AF85F81A8C27CC2C /* AuthSessionServiceTests.swift in Sources */,
				AC6DFBD01308D7DD29F28D92 /* BriefingViewModelTests.swift in Sources */,
				309EC6B6AA163D05F0BC1E16 /* DashboardViewModelTests.swift in Sources */,
				C47B976A42B7713381A4475F /* DiagnosticsViewModelTests.swift in Sources */,
				46825695E3735BB4F062B8F6 /* HealthCheckServiceTests.swift in Sources */,
				A0E81BF81F3EEFA1FDAC8C07 /* KeychainTokenStoreTests.swift in Sources */,
				D57A09EEBF2E6DC48FCD4DC3 /* LaunchCoordinatorTests.swift in Sources */,
				9D5009A72A82669F21F6FF9C /* RequestBuilderTests.swift in Sources */,
				8FCB7380ED1A20B171E1BC93 /* RuntimeConfigTests.swift in Sources */,
				3CA450797A252989DDC6F8BC /* SSEClientTests.swift in Sources */,
				0743E3D5E5FBA900CE454691 /* SessionRunnerServiceTests.swift in Sources */,
				97316488910B974EC2D5F8D6 /* SessionRunnerViewModelTests.swift in Sources */,
				3BE3D7802670C71E2C4DAFA0 /* TrainingHubViewModelTests.swift in Sources */,
				2F194059106FC330347CD2B1 /* URLSessionAPIClientTests.swift in Sources */,
				2AE575699205E780197F4A61 /* VocabularyViewModelTests.swift in Sources */,
			);
			runOnlyForDeploymentPostprocessing = 0;
		};
		A87F03484C9765E63E3BBAE6 /* Sources */ = {
			isa = PBXSourcesBuildPhase;
			buildActionMask = 2147483647;
			files = (
				FBF75B649BF7647482C195C2 /* APIClient.swift in Sources */,
				FF3FF0B15D8B27597A13E9E5 /* AppDependencies.swift in Sources */,
				A13A3CE7D842C348644C1BF0 /* AppEnvironment.swift in Sources */,
				C1EB61E14AB4DFEA7BD13457 /* AppRootView.swift in Sources */,
				C76205E3B3456BA83A33B21E /* ArenaDashboardModels.swift in Sources */,
				9EBB22C25427A66991BD2F51 /* ArenaDashboardService.swift in Sources */,
				F71200D23BC91BEC028C56AC /* ArenaDashboardView.swift in Sources */,
				63A3BF133C73D78DF5C3DA27 /* ArenaDashboardViewModel.swift in Sources */,
				B886BEC38476FBD5C2A22E07 /* ArenaMissionModels.swift in Sources */,
				6DA2EA8A808C1B2E3DAE82AF /* ArenaMissionService.swift in Sources */,
				C0ACD6A399F3EC370A2ED86E /* ArenaMissionView.swift in Sources */,
				255A55813D34CF50981A9B67 /* ArenaMissionViewModel.swift in Sources */,
				311E95095836F0DD5BE35151 /* ArenaPart5Models.swift in Sources */,
				4E9915542109A999A779854E /* ArenaPart5Service.swift in Sources */,
				C6468E7E59D832146823FC35 /* ArenaPart5View.swift in Sources */,
				6180FF6CFFBBAEF57B3F0174 /* ArenaPart5ViewModel.swift in Sources */,
				311428A524323A67CB1804BC /* AuthEndpoints.swift in Sources */,
				D7A7085B4C71081CF8A0201E /* AuthEnvironmentStore.swift in Sources */,
				8DA63246A0702327E55E1C98 /* AuthRootView.swift in Sources */,
				9C5AE0AAD012232B46EF0246 /* AuthSessionError.swift in Sources */,
				CB5A0E7BDAB17C1170ADFBAD /* AuthSessionService.swift in Sources */,
				C40A26794F4ADC97899C788F /* AuthTokenStore.swift in Sources */,
				6263E04F2CE602A56751AAF5 /* BriefingModels.swift in Sources */,
				9BD2D85C78465A34E6282808 /* BriefingSelectableTextView.swift in Sources */,
				E145F6F58FF570E8C842E258 /* BriefingService.swift in Sources */,
				7397B447F9173945C8F576C7 /* BriefingView.swift in Sources */,
				FF84CD2485C9DD90193FA1F8 /* BriefingViewModel.swift in Sources */,
				472901C28FD5A128BA2C0D07 /* BuildInfo.swift in Sources */,
				0264F83855ED3AF5A68F55EA /* DashboardHomeView.swift in Sources */,
				6CC3B4BEACF432E257725173 /* DashboardModels.swift in Sources */,
				4CC58B2E749032AADDB54A39 /* DashboardPreviewData.swift in Sources */,
				AA87DB3FF3146CF8EBB696A6 /* DashboardSummaryService.swift in Sources */,
				A774295448E663740E8F078D /* DashboardTab.swift in Sources */,
				85758D0F576D4BB0A657C6C7 /* DashboardTabContainerView.swift in Sources */,
				B42C81443E7B12BB01F6F977 /* DashboardViewModel.swift in Sources */,
				6C43F787FBE5DC35B48ADED6 /* DiagnosticsHomeView.swift in Sources */,
				DFE9C4E8E4E8A00406DC88FA /* DiagnosticsViewModel.swift in Sources */,
				68EA8FE71BA8FDD1DB180688 /* Endpoint.swift in Sources */,
				AB606746F929ECF560904904 /* HTTPMethod.swift in Sources */,
				62339B810FCFEA01F8831812 /* HealthCheckService.swift in Sources */,
				FE4DD8F0C1B79CBE0D0B3B49 /* KeychainTokenStore.swift in Sources */,
				DE879FB445F035D08C98D802 /* LaunchCoordinator.swift in Sources */,
				F2EE0250E5DCF8CAD94DE89F /* MobileAuthModels.swift in Sources */,
				151737E617445E3E3D222698 /* MobileEnvelope.swift in Sources */,
				B3E43984040228E91651D237 /* NetworkError.swift in Sources */,
				42D0CF1375D45277B35EF744 /* NetworkLogger.swift in Sources */,
				E9FADA501A2D5739F234BC49 /* OpusApp.swift in Sources */,
				CA336569F97AF8FD53A4C2D9 /* OpusBadge.swift in Sources */,
				4DE06AD46F218D688139E949 /* OpusCard.swift in Sources */,
				63A81AB96B0FBCCBE977AF95 /* OpusChip.swift in Sources */,
				6B26D739D0F3FC8226ABB352 /* OpusDashboardHeader.swift in Sources */,
				DE4046302B79D865ABFDC3D0 /* OpusDesignSystemGallery.swift in Sources */,
				066FB32E8D7F26CAD56035DD /* OpusInteraction.swift in Sources */,
				9DA4303C1924F4654E03EB80 /* OpusListRow.swift in Sources */,
				326840CF5D098863F3C29E74 /* OpusPrimaryButton.swift in Sources */,
				C051209ED0DEBAD050505F57 /* OpusProgressMeter.swift in Sources */,
				27E744576385A571496A2F5E /* OpusSectionHeader.swift in Sources */,
				69748E2BD95E03AD0F8DFD2C /* OpusSheetHeader.swift in Sources */,
				0C4137411C21CDED7C0B4AE1 /* OpusSkeletonView.swift in Sources */,
				5C910FAB77A7DB0D9E2354C3 /* OpusStateView.swift in Sources */,
				4E167CD678F050101A3A9E6A /* OpusTheme.swift in Sources */,
				1086ADC77E545E93B59242E4 /* RequestBuilder.swift in Sources */,
				1BF452030E9BD0871CAE5C83 /* RuntimeConfig.swift in Sources */,
				5292B29A6B0851F67B6DA176 /* SSEClient.swift in Sources */,
				16D53C883656A7D7CE891AE9 /* SessionRunnerModels.swift in Sources */,
				96AE54ED566B7313951C6ACF /* SessionRunnerService.swift in Sources */,
				F6354C69793C4C1A83BF4971 /* SessionRunnerView.swift in Sources */,
				B56885AD41B9F51F6C45A8CF /* SessionRunnerViewModel.swift in Sources */,
				17CCBE1351D9B9645C69C819 /* TrainingHubModels.swift in Sources */,
				4C13A122C91341A9226BAEB9 /* TrainingHubService.swift in Sources */,
				E7A2421F3FCA51710527D1DA /* TrainingHubView.swift in Sources */,
				29E80FD6486C3AD6E68D7F9D /* TrainingHubViewModel.swift in Sources */,
				7667EC5A508422FA0A2CD75B /* URLSessionAPIClient.swift in Sources */,
				A07A0456C463DE9EE17B998C /* VocabularyModels.swift in Sources */,
				B7E641E987AEDF3F970B1F7F /* VocabularyService.swift in Sources */,
				11C63DB16AFBB781FACDAFEA /* VocabularyView.swift in Sources */,
				5272D00CC0AEDA58273E6354 /* VocabularyViewModel.swift in Sources */,
			);
			runOnlyForDeploymentPostprocessing = 0;
		};
/* End PBXSourcesBuildPhase section */

/* Begin PBXTargetDependency section */
		93A1EF74C42FD621F48F164C /* PBXTargetDependency */ = {
			isa = PBXTargetDependency;
			target = BA3547E36E116487AD8BD65A /* OpusApp */;
			targetProxy = 68A548AE76B098B6300DBBFD /* PBXContainerItemProxy */;
		};
/* End PBXTargetDependency section */

/* Begin XCBuildConfiguration section */
		05CFECBBDA30455724A8D9BF /* LocalDebug */ = {
			isa = XCBuildConfiguration;
			buildSettings = {
				BUNDLE_LOADER = "$(TEST_HOST)";
				GENERATE_INFOPLIST_FILE = YES;
				IPHONEOS_DEPLOYMENT_TARGET = 18.0;
				LD_RUNPATH_SEARCH_PATHS = (
					"$(inherited)",
					"@executable_path/Frameworks",
					"@loader_path/Frameworks",
				);
				PRODUCT_BUNDLE_IDENTIFIER = com.hugo.opus.ios.tests;
				PRODUCT_MODULE_NAME = OpusAppTests;
				PRODUCT_NAME = OpusAppTests;
				SDKROOT = iphoneos;
				SWIFT_VERSION = 5.0;
				TEST_HOST = "$(BUILT_PRODUCTS_DIR)/OpusApp.app/OpusApp";
			};
			name = LocalDebug;
		};
		1EB61A1128478B7B9A3F25F9 /* StagingDebug */ = {
			isa = XCBuildConfiguration;
			buildSettings = {
				ASSETCATALOG_COMPILER_APPICON_NAME = AppIcon;
				CODE_SIGN_IDENTITY = "iPhone Developer";
				CODE_SIGN_STYLE = Automatic;
				CURRENT_PROJECT_VERSION = 1;
				GENERATE_INFOPLIST_FILE = NO;
				INFOPLIST_FILE = "Config/OpusApp-Info.plist";
				IPHONEOS_DEPLOYMENT_TARGET = 18.0;
				LD_RUNPATH_SEARCH_PATHS = (
					"$(inherited)",
					"@executable_path/Frameworks",
				);
				MARKETING_VERSION = 1.0.0;
				PRODUCT_MODULE_NAME = OpusApp;
				PRODUCT_NAME = OpusApp;
				SDKROOT = iphoneos;
				SWIFT_VERSION = 5.0;
				TARGETED_DEVICE_FAMILY = "1,2";
			};
			name = StagingDebug;
		};
		279453BAB6FF9E863C3AD482 /* LocalDebug */ = {
			isa = XCBuildConfiguration;
			buildSettings = {
				ASSETCATALOG_COMPILER_APPICON_NAME = AppIcon;
				CODE_SIGN_IDENTITY = "iPhone Developer";
				CODE_SIGN_STYLE = Automatic;
				CURRENT_PROJECT_VERSION = 1;
				DEVELOPMENT_TEAM = D46GBTB442;
				GENERATE_INFOPLIST_FILE = NO;
				INFOPLIST_FILE = "Config/OpusApp-Local-Info.plist";
				IPHONEOS_DEPLOYMENT_TARGET = 18.0;
				LD_RUNPATH_SEARCH_PATHS = (
					"$(inherited)",
					"@executable_path/Frameworks",
				);
				MARKETING_VERSION = 1.0.0;
				PRODUCT_MODULE_NAME = OpusApp;
				PRODUCT_NAME = OpusApp;
				SDKROOT = iphoneos;
				SWIFT_VERSION = 5.0;
				TARGETED_DEVICE_FAMILY = "1,2";
			};
			name = LocalDebug;
		};
		518799531163AB379DF36F51 /* LocalDebug */ = {
			isa = XCBuildConfiguration;
			baseConfigurationReference = 24FD6577AE76630734894FB1 /* Local.xcconfig */;
			buildSettings = {
				ALWAYS_SEARCH_USER_PATHS = NO;
				CLANG_ANALYZER_NONNULL = YES;
				CLANG_ANALYZER_NUMBER_OBJECT_CONVERSION = YES_AGGRESSIVE;
				CLANG_CXX_LANGUAGE_STANDARD = "gnu++14";
				CLANG_CXX_LIBRARY = "libc++";
				CLANG_ENABLE_MODULES = YES;
				CLANG_ENABLE_OBJC_ARC = YES;
				CLANG_ENABLE_OBJC_WEAK = YES;
				CLANG_WARN_BLOCK_CAPTURE_AUTORELEASING = YES;
				CLANG_WARN_BOOL_CONVERSION = YES;
				CLANG_WARN_COMMA = YES;
				CLANG_WARN_CONSTANT_CONVERSION = YES;
				CLANG_WARN_DEPRECATED_OBJC_IMPLEMENTATIONS = YES;
				CLANG_WARN_DIRECT_OBJC_ISA_USAGE = YES_ERROR;
				CLANG_WARN_DOCUMENTATION_COMMENTS = YES;
				CLANG_WARN_EMPTY_BODY = YES;
				CLANG_WARN_ENUM_CONVERSION = YES;
				CLANG_WARN_INFINITE_RECURSION = YES;
				CLANG_WARN_INT_CONVERSION = YES;
				CLANG_WARN_NON_LITERAL_NULL_CONVERSION = YES;
				CLANG_WARN_OBJC_IMPLICIT_RETAIN_SELF = YES;
				CLANG_WARN_OBJC_LITERAL_CONVERSION = YES;
				CLANG_WARN_OBJC_ROOT_CLASS = YES_ERROR;
				CLANG_WARN_QUOTED_INCLUDE_IN_FRAMEWORK_HEADER = YES;
				CLANG_WARN_RANGE_LOOP_ANALYSIS = YES;
				CLANG_WARN_STRICT_PROTOTYPES = YES;
				CLANG_WARN_SUSPICIOUS_MOVE = YES;
				CLANG_WARN_UNGUARDED_AVAILABILITY = YES_AGGRESSIVE;
				CLANG_WARN_UNREACHABLE_CODE = YES;
				CLANG_WARN__DUPLICATE_METHOD_MATCH = YES;
				COPY_PHASE_STRIP = NO;
				DEBUG_INFORMATION_FORMAT = dwarf;
				ENABLE_STRICT_OBJC_MSGSEND = YES;
				ENABLE_TESTABILITY = YES;
				GCC_C_LANGUAGE_STANDARD = gnu11;
				GCC_DYNAMIC_NO_PIC = NO;
				GCC_NO_COMMON_BLOCKS = YES;
				GCC_OPTIMIZATION_LEVEL = 0;
				GCC_PREPROCESSOR_DEFINITIONS = (
					"$(inherited)",
					"DEBUG=1",
				);
				GCC_WARN_64_TO_32_BIT_CONVERSION = YES;
				GCC_WARN_ABOUT_RETURN_TYPE = YES_ERROR;
				GCC_WARN_UNDECLARED_SELECTOR = YES;
				GCC_WARN_UNINITIALIZED_AUTOS = YES_AGGRESSIVE;
				GCC_WARN_UNUSED_FUNCTION = YES;
				GCC_WARN_UNUSED_VARIABLE = YES;
				MTL_ENABLE_DEBUG_INFO = INCLUDE_SOURCE;
				MTL_FAST_MATH = YES;
				ONLY_ACTIVE_ARCH = YES;
				PRODUCT_NAME = "$(TARGET_NAME)";
				SDKROOT = iphoneos;
				SWIFT_ACTIVE_COMPILATION_CONDITIONS = DEBUG;
				SWIFT_OPTIMIZATION_LEVEL = "-Onone";
			};
			name = LocalDebug;
		};
		737446B2DF33E00D171B1870 /* StagingDebug */ = {
			isa = XCBuildConfiguration;
			buildSettings = {
				BUNDLE_LOADER = "$(TEST_HOST)";
				GENERATE_INFOPLIST_FILE = YES;
				IPHONEOS_DEPLOYMENT_TARGET = 18.0;
				LD_RUNPATH_SEARCH_PATHS = (
					"$(inherited)",
					"@executable_path/Frameworks",
					"@loader_path/Frameworks",
				);
				PRODUCT_BUNDLE_IDENTIFIER = com.hugo.opus.ios.tests;
				PRODUCT_MODULE_NAME = OpusAppTests;
				PRODUCT_NAME = OpusAppTests;
				SDKROOT = iphoneos;
				SWIFT_VERSION = 5.0;
				TEST_HOST = "$(BUILT_PRODUCTS_DIR)/OpusApp.app/OpusApp";
			};
			name = StagingDebug;
		};
		82766B4D8F047A003430C648 /* ProductionRelease */ = {
			isa = XCBuildConfiguration;
			buildSettings = {
				ASSETCATALOG_COMPILER_APPICON_NAME = AppIcon;
				CODE_SIGN_IDENTITY = "iPhone Developer";
				CODE_SIGN_STYLE = Automatic;
				CURRENT_PROJECT_VERSION = 1;
				GENERATE_INFOPLIST_FILE = NO;
				INFOPLIST_FILE = "Config/OpusApp-Info.plist";
				IPHONEOS_DEPLOYMENT_TARGET = 18.0;
				LD_RUNPATH_SEARCH_PATHS = (
					"$(inherited)",
					"@executable_path/Frameworks",
				);
				MARKETING_VERSION = 1.0.0;
				PRODUCT_MODULE_NAME = OpusApp;
				PRODUCT_NAME = OpusApp;
				SDKROOT = iphoneos;
				SWIFT_VERSION = 5.0;
				TARGETED_DEVICE_FAMILY = "1,2";
			};
			name = ProductionRelease;
		};
		B9AD11E59BF7A8EB6887C8C3 /* StagingDebug */ = {
			isa = XCBuildConfiguration;
			baseConfigurationReference = F6EEEF400AA9747B89AB3A89 /* Staging.xcconfig */;
			buildSettings = {
				ALWAYS_SEARCH_USER_PATHS = NO;
				CLANG_ANALYZER_NONNULL = YES;
				CLANG_ANALYZER_NUMBER_OBJECT_CONVERSION = YES_AGGRESSIVE;
				CLANG_CXX_LANGUAGE_STANDARD = "gnu++14";
				CLANG_CXX_LIBRARY = "libc++";
				CLANG_ENABLE_MODULES = YES;
				CLANG_ENABLE_OBJC_ARC = YES;
				CLANG_ENABLE_OBJC_WEAK = YES;
				CLANG_WARN_BLOCK_CAPTURE_AUTORELEASING = YES;
				CLANG_WARN_BOOL_CONVERSION = YES;
				CLANG_WARN_COMMA = YES;
				CLANG_WARN_CONSTANT_CONVERSION = YES;
				CLANG_WARN_DEPRECATED_OBJC_IMPLEMENTATIONS = YES;
				CLANG_WARN_DIRECT_OBJC_ISA_USAGE = YES_ERROR;
				CLANG_WARN_DOCUMENTATION_COMMENTS = YES;
				CLANG_WARN_EMPTY_BODY = YES;
				CLANG_WARN_ENUM_CONVERSION = YES;
				CLANG_WARN_INFINITE_RECURSION = YES;
				CLANG_WARN_INT_CONVERSION = YES;
				CLANG_WARN_NON_LITERAL_NULL_CONVERSION = YES;
				CLANG_WARN_OBJC_IMPLICIT_RETAIN_SELF = YES;
				CLANG_WARN_OBJC_LITERAL_CONVERSION = YES;
				CLANG_WARN_OBJC_ROOT_CLASS = YES_ERROR;
				CLANG_WARN_QUOTED_INCLUDE_IN_FRAMEWORK_HEADER = YES;
				CLANG_WARN_RANGE_LOOP_ANALYSIS = YES;
				CLANG_WARN_STRICT_PROTOTYPES = YES;
				CLANG_WARN_SUSPICIOUS_MOVE = YES;
				CLANG_WARN_UNGUARDED_AVAILABILITY = YES_AGGRESSIVE;
				CLANG_WARN_UNREACHABLE_CODE = YES;
				CLANG_WARN__DUPLICATE_METHOD_MATCH = YES;
				COPY_PHASE_STRIP = NO;
				DEBUG_INFORMATION_FORMAT = dwarf;
				ENABLE_STRICT_OBJC_MSGSEND = YES;
				ENABLE_TESTABILITY = YES;
				GCC_C_LANGUAGE_STANDARD = gnu11;
				GCC_DYNAMIC_NO_PIC = NO;
				GCC_NO_COMMON_BLOCKS = YES;
				GCC_OPTIMIZATION_LEVEL = 0;
				GCC_PREPROCESSOR_DEFINITIONS = (
					"$(inherited)",
					"DEBUG=1",
				);
				GCC_WARN_64_TO_32_BIT_CONVERSION = YES;
				GCC_WARN_ABOUT_RETURN_TYPE = YES_ERROR;
				GCC_WARN_UNDECLARED_SELECTOR = YES;
				GCC_WARN_UNINITIALIZED_AUTOS = YES_AGGRESSIVE;
				GCC_WARN_UNUSED_FUNCTION = YES;
				GCC_WARN_UNUSED_VARIABLE = YES;
				MTL_ENABLE_DEBUG_INFO = INCLUDE_SOURCE;
				MTL_FAST_MATH = YES;
				ONLY_ACTIVE_ARCH = YES;
				PRODUCT_NAME = "$(TARGET_NAME)";
				SDKROOT = iphoneos;
				SWIFT_ACTIVE_COMPILATION_CONDITIONS = DEBUG;
				SWIFT_OPTIMIZATION_LEVEL = "-Onone";
			};
			name = StagingDebug;
		};
		C2793C7BBFC81AC3BD3674EA /* ProductionRelease */ = {
			isa = XCBuildConfiguration;
			buildSettings = {
				BUNDLE_LOADER = "$(TEST_HOST)";
				GENERATE_INFOPLIST_FILE = YES;
				IPHONEOS_DEPLOYMENT_TARGET = 18.0;
				LD_RUNPATH_SEARCH_PATHS = (
					"$(inherited)",
					"@executable_path/Frameworks",
					"@loader_path/Frameworks",
				);
				PRODUCT_BUNDLE_IDENTIFIER = com.hugo.opus.ios.tests;
				PRODUCT_MODULE_NAME = OpusAppTests;
				PRODUCT_NAME = OpusAppTests;
				SDKROOT = iphoneos;
				SWIFT_VERSION = 5.0;
				TEST_HOST = "$(BUILT_PRODUCTS_DIR)/OpusApp.app/OpusApp";
			};
			name = ProductionRelease;
		};
		CC5D9D4350EE80C7A9E11768 /* ProductionRelease */ = {
			isa = XCBuildConfiguration;
			baseConfigurationReference = 419B1474D4A7E3A0A7BF3535 /* Production.xcconfig */;
			buildSettings = {
				ALWAYS_SEARCH_USER_PATHS = NO;
				CLANG_ANALYZER_NONNULL = YES;
				CLANG_ANALYZER_NUMBER_OBJECT_CONVERSION = YES_AGGRESSIVE;
				CLANG_CXX_LANGUAGE_STANDARD = "gnu++14";
				CLANG_CXX_LIBRARY = "libc++";
				CLANG_ENABLE_MODULES = YES;
				CLANG_ENABLE_OBJC_ARC = YES;
				CLANG_ENABLE_OBJC_WEAK = YES;
				CLANG_WARN_BLOCK_CAPTURE_AUTORELEASING = YES;
				CLANG_WARN_BOOL_CONVERSION = YES;
				CLANG_WARN_COMMA = YES;
				CLANG_WARN_CONSTANT_CONVERSION = YES;
				CLANG_WARN_DEPRECATED_OBJC_IMPLEMENTATIONS = YES;
				CLANG_WARN_DIRECT_OBJC_ISA_USAGE = YES_ERROR;
				CLANG_WARN_DOCUMENTATION_COMMENTS = YES;
				CLANG_WARN_EMPTY_BODY = YES;
				CLANG_WARN_ENUM_CONVERSION = YES;
				CLANG_WARN_INFINITE_RECURSION = YES;
				CLANG_WARN_INT_CONVERSION = YES;
				CLANG_WARN_NON_LITERAL_NULL_CONVERSION = YES;
				CLANG_WARN_OBJC_IMPLICIT_RETAIN_SELF = YES;
				CLANG_WARN_OBJC_LITERAL_CONVERSION = YES;
				CLANG_WARN_OBJC_ROOT_CLASS = YES_ERROR;
				CLANG_WARN_QUOTED_INCLUDE_IN_FRAMEWORK_HEADER = YES;
				CLANG_WARN_RANGE_LOOP_ANALYSIS = YES;
				CLANG_WARN_STRICT_PROTOTYPES = YES;
				CLANG_WARN_SUSPICIOUS_MOVE = YES;
				CLANG_WARN_UNGUARDED_AVAILABILITY = YES_AGGRESSIVE;
				CLANG_WARN_UNREACHABLE_CODE = YES;
				CLANG_WARN__DUPLICATE_METHOD_MATCH = YES;
				COPY_PHASE_STRIP = NO;
				DEBUG_INFORMATION_FORMAT = "dwarf-with-dsym";
				ENABLE_NS_ASSERTIONS = NO;
				ENABLE_STRICT_OBJC_MSGSEND = YES;
				GCC_C_LANGUAGE_STANDARD = gnu11;
				GCC_NO_COMMON_BLOCKS = YES;
				GCC_WARN_64_TO_32_BIT_CONVERSION = YES;
				GCC_WARN_ABOUT_RETURN_TYPE = YES_ERROR;
				GCC_WARN_UNDECLARED_SELECTOR = YES;
				GCC_WARN_UNINITIALIZED_AUTOS = YES_AGGRESSIVE;
				GCC_WARN_UNUSED_FUNCTION = YES;
				GCC_WARN_UNUSED_VARIABLE = YES;
				MTL_ENABLE_DEBUG_INFO = NO;
				MTL_FAST_MATH = YES;
				PRODUCT_NAME = "$(TARGET_NAME)";
				SDKROOT = iphoneos;
				SWIFT_COMPILATION_MODE = wholemodule;
				SWIFT_OPTIMIZATION_LEVEL = "-O";
			};
			name = ProductionRelease;
		};
/* End XCBuildConfiguration section */

/* Begin XCConfigurationList section */
		887B38F94C00EDF913CEBE2C /* Build configuration list for PBXNativeTarget "OpusApp" */ = {
			isa = XCConfigurationList;
			buildConfigurations = (
				279453BAB6FF9E863C3AD482 /* LocalDebug */,
				82766B4D8F047A003430C648 /* ProductionRelease */,
				1EB61A1128478B7B9A3F25F9 /* StagingDebug */,
			);
			defaultConfigurationIsVisible = 0;
			defaultConfigurationName = LocalDebug;
		};
		E05956669A030203D23E3A7B /* Build configuration list for PBXProject "OpusApp" */ = {
			isa = XCConfigurationList;
			buildConfigurations = (
				518799531163AB379DF36F51 /* LocalDebug */,
				CC5D9D4350EE80C7A9E11768 /* ProductionRelease */,
				B9AD11E59BF7A8EB6887C8C3 /* StagingDebug */,
			);
			defaultConfigurationIsVisible = 0;
			defaultConfigurationName = LocalDebug;
		};
		E693C246882D1D84C44B18D3 /* Build configuration list for PBXNativeTarget "OpusAppTests" */ = {
			isa = XCConfigurationList;
			buildConfigurations = (
				05CFECBBDA30455724A8D9BF /* LocalDebug */,
				C2793C7BBFC81AC3BD3674EA /* ProductionRelease */,
				737446B2DF33E00D171B1870 /* StagingDebug */,
			);
			defaultConfigurationIsVisible = 0;
			defaultConfigurationName = LocalDebug;
		};
/* End XCConfigurationList section */
	};
	rootObject = 97A78138E32A3DA0C81F2DE6 /* Project object */;
}
